
Microsoft Visual Studio Solution File, Format Version 12.00
# Visual Studio Version 17
VisualStudioVersion = 17.4.33103.184
MinimumVisualStudioVersion = 10.0.40219.1
Project("{8BC9CEB8-8B4A-11D0-8D11-00A0C91BC942}") = "P8840[传智杯 4 初赛]报告赋分", "P8840[传智杯 4 初赛]报告赋分\P8840[传智杯 4 初赛]报告赋分.vcxproj", "{A0B5D7AA-2468-4571-ADBE-60FE26A8A218}"
EndProject
Project("{8BC9CEB8-8B4A-11D0-8D11-00A0C91BC942}") = "B", "B\B.vcxproj", "{EF72A44E-1950-44DF-96AE-7EE70A67AE1B}"
EndProject
Project("{8BC9CEB8-8B4A-11D0-8D11-00A0C91BC942}") = "E", "E\E.vcxproj", "{65AF38B6-A331-46B0-A828-A92651F3C9B1}"
EndProject
Project("{8BC9CEB8-8B4A-11D0-8D11-00A0C91BC942}") = "G-二人的花纹纸游戏", "G-二人的花纹纸游戏\G-二人的花纹纸游戏.vcxproj", "{8C59D614-6702-4986-998A-127833467F45}"
EndProject
Project("{8BC9CEB8-8B4A-11D0-8D11-00A0C91BC942}") = "[COCI2006-2007-2]ABC", "[COCI2006-2007-2]ABC\[COCI2006-2007-2]ABC.vcxproj", "{A045CD04-6316-4F09-BC94-02A45DDD48D7}"
EndProject
Project("{8BC9CEB8-8B4A-11D0-8D11-00A0C91BC942}") = "[蓝桥杯2022初赛] 刷题统计", "[蓝桥杯2022初赛] 刷题统计\[蓝桥杯2022初赛] 刷题统计.vcxproj", "{95BAD97B-33D5-4179-8CA7-7FD98AC53ECF}"
EndProject
Project("{8BC9CEB8-8B4A-11D0-8D11-00A0C91BC942}") = "[蓝桥杯2022初赛] 修剪灌木", "[蓝桥杯2022初赛] 修剪灌木\[蓝桥杯2022初赛] 修剪灌木.vcxproj", "{962C05CC-EF9D-42BB-A663-1B2B50CD5052}"
EndProject
Project("{8BC9CEB8-8B4A-11D0-8D11-00A0C91BC942}") = "UVA572 油田 Oil Deposits", "UVA572 油田 Oil Deposits\UVA572 油田 Oil Deposits.vcxproj", "{54D86FF4-76F6-4076-8383-0AD1AFA1A647}"
EndProject
Project("{8BC9CEB8-8B4A-11D0-8D11-00A0C91BC942}") = "UVA816 Abbott的复仇 Abbott's Revenge", "UVA816 Abbott的复仇 Abbott's Revenge\UVA816 Abbott的复仇 Abbott's Revenge.vcxproj", "{A6659384-607E-4195-A01E-65B546A7675C}"
EndProject
Project("{8BC9CEB8-8B4A-11D0-8D11-00A0C91BC942}") = "Cut", "Cut\Cut.vcxproj", "{F944F344-AF36-457F-9D9E-482D9061DB0E}"
EndProject
Project("{8BC9CEB8-8B4A-11D0-8D11-00A0C91BC942}") = "Uva725 Division", "Uva725 Division\Uva725 Division.vcxproj", "{59D90229-1856-4EA9-8265-3586B44F5576}"
EndProject
Project("{8BC9CEB8-8B4A-11D0-8D11-00A0C91BC942}") = "UVa11059 Maximum Product", "UVa11059 Maximum Product\UVa11059 Maximum Product.vcxproj", "{056F5B85-11B4-4335-A41D-50928355D4EC}"
EndProject
Global
	GlobalSection(SolutionConfigurationPlatforms) = preSolution
		Debug|x64 = Debug|x64
		Debug|x86 = Debug|x86
		Release|x64 = Release|x64
		Release|x86 = Release|x86
	EndGlobalSection
	GlobalSection(ProjectConfigurationPlatforms) = postSolution
		{A0B5D7AA-2468-4571-ADBE-60FE26A8A218}.Debug|x64.ActiveCfg = Debug|x64
		{A0B5D7AA-2468-4571-ADBE-60FE26A8A218}.Debug|x64.Build.0 = Debug|x64
		{A0B5D7AA-2468-4571-ADBE-60FE26A8A218}.Debug|x86.ActiveCfg = Debug|Win32
		{A0B5D7AA-2468-4571-ADBE-60FE26A8A218}.Debug|x86.Build.0 = Debug|Win32
		{A0B5D7AA-2468-4571-ADBE-60FE26A8A218}.Release|x64.ActiveCfg = Release|x64
		{A0B5D7AA-2468-4571-ADBE-60FE26A8A218}.Release|x64.Build.0 = Release|x64
		{A0B5D7AA-2468-4571-ADBE-60FE26A8A218}.Release|x86.ActiveCfg = Release|Win32
		{A0B5D7AA-2468-4571-ADBE-60FE26A8A218}.Release|x86.Build.0 = Release|Win32
		{EF72A44E-1950-44DF-96AE-7EE70A67AE1B}.Debug|x64.ActiveCfg = Debug|x64
		{EF72A44E-1950-44DF-96AE-7EE70A67AE1B}.Debug|x64.Build.0 = Debug|x64
		{EF72A44E-1950-44DF-96AE-7EE70A67AE1B}.Debug|x86.ActiveCfg = Debug|Win32
		{EF72A44E-1950-44DF-96AE-7EE70A67AE1B}.Debug|x86.Build.0 = Debug|Win32
		{EF72A44E-1950-44DF-96AE-7EE70A67AE1B}.Release|x64.ActiveCfg = Release|x64
		{EF72A44E-1950-44DF-96AE-7EE70A67AE1B}.Release|x64.Build.0 = Release|x64
		{EF72A44E-1950-44DF-96AE-7EE70A67AE1B}.Release|x86.ActiveCfg = Release|Win32
		{EF72A44E-1950-44DF-96AE-7EE70A67AE1B}.Release|x86.Build.0 = Release|Win32
		{65AF38B6-A331-46B0-A828-A92651F3C9B1}.Debug|x64.ActiveCfg = Debug|x64
		{65AF38B6-A331-46B0-A828-A92651F3C9B1}.Debug|x64.Build.0 = Debug|x64
		{65AF38B6-A331-46B0-A828-A92651F3C9B1}.Debug|x86.ActiveCfg = Debug|Win32
		{65AF38B6-A331-46B0-A828-A92651F3C9B1}.Debug|x86.Build.0 = Debug|Win32
		{65AF38B6-A331-46B0-A828-A92651F3C9B1}.Release|x64.ActiveCfg = Release|x64
		{65AF38B6-A331-46B0-A828-A92651F3C9B1}.Release|x64.Build.0 = Release|x64
		{65AF38B6-A331-46B0-A828-A92651F3C9B1}.Release|x86.ActiveCfg = Release|Win32
		{65AF38B6-A331-46B0-A828-A92651F3C9B1}.Release|x86.Build.0 = Release|Win32
		{8C59D614-6702-4986-998A-127833467F45}.Debug|x64.ActiveCfg = Debug|x64
		{8C59D614-6702-4986-998A-127833467F45}.Debug|x64.Build.0 = Debug|x64
		{8C59D614-6702-4986-998A-127833467F45}.Debug|x86.ActiveCfg = Debug|Win32
		{8C59D614-6702-4986-998A-127833467F45}.Debug|x86.Build.0 = Debug|Win32
		{8C59D614-6702-4986-998A-127833467F45}.Release|x64.ActiveCfg = Release|x64
		{8C59D614-6702-4986-998A-127833467F45}.Release|x64.Build.0 = Release|x64
		{8C59D614-6702-4986-998A-127833467F45}.Release|x86.ActiveCfg = Release|Win32
		{8C59D614-6702-4986-998A-127833467F45}.Release|x86.Build.0 = Release|Win32
		{A045CD04-6316-4F09-BC94-02A45DDD48D7}.Debug|x64.ActiveCfg = Debug|x64
		{A045CD04-6316-4F09-BC94-02A45DDD48D7}.Debug|x64.Build.0 = Debug|x64
		{A045CD04-6316-4F09-BC94-02A45DDD48D7}.Debug|x86.ActiveCfg = Debug|Win32
		{A045CD04-6316-4F09-BC94-02A45DDD48D7}.Debug|x86.Build.0 = Debug|Win32
		{A045CD04-6316-4F09-BC94-02A45DDD48D7}.Release|x64.ActiveCfg = Release|x64
		{A045CD04-6316-4F09-BC94-02A45DDD48D7}.Release|x64.Build.0 = Release|x64
		{A045CD04-6316-4F09-BC94-02A45DDD48D7}.Release|x86.ActiveCfg = Release|Win32
		{A045CD04-6316-4F09-BC94-02A45DDD48D7}.Release|x86.Build.0 = Release|Win32
		{95BAD97B-33D5-4179-8CA7-7FD98AC53ECF}.Debug|x64.ActiveCfg = Debug|x64
		{95BAD97B-33D5-4179-8CA7-7FD98AC53ECF}.Debug|x64.Build.0 = Debug|x64
		{95BAD97B-33D5-4179-8CA7-7FD98AC53ECF}.Debug|x86.ActiveCfg = Debug|Win32
		{95BAD97B-33D5-4179-8CA7-7FD98AC53ECF}.Debug|x86.Build.0 = Debug|Win32
		{95BAD97B-33D5-4179-8CA7-7FD98AC53ECF}.Release|x64.ActiveCfg = Release|x64
		{95BAD97B-33D5-4179-8CA7-7FD98AC53ECF}.Release|x64.Build.0 = Release|x64
		{95BAD97B-33D5-4179-8CA7-7FD98AC53ECF}.Release|x86.ActiveCfg = Release|Win32
		{95BAD97B-33D5-4179-8CA7-7FD98AC53ECF}.Release|x86.Build.0 = Release|Win32
		{962C05CC-EF9D-42BB-A663-1B2B50CD5052}.Debug|x64.ActiveCfg = Debug|x64
		{962C05CC-EF9D-42BB-A663-1B2B50CD5052}.Debug|x64.Build.0 = Debug|x64
		{962C05CC-EF9D-42BB-A663-1B2B50CD5052}.Debug|x86.ActiveCfg = Debug|Win32
		{962C05CC-EF9D-42BB-A663-1B2B50CD5052}.Debug|x86.Build.0 = Debug|Win32
		{962C05CC-EF9D-42BB-A663-1B2B50CD5052}.Release|x64.ActiveCfg = Release|x64
		{962C05CC-EF9D-42BB-A663-1B2B50CD5052}.Release|x64.Build.0 = Release|x64
		{962C05CC-EF9D-42BB-A663-1B2B50CD5052}.Release|x86.ActiveCfg = Release|Win32
		{962C05CC-EF9D-42BB-A663-1B2B50CD5052}.Release|x86.Build.0 = Release|Win32
		{54D86FF4-76F6-4076-8383-0AD1AFA1A647}.Debug|x64.ActiveCfg = Debug|x64
		{54D86FF4-76F6-4076-8383-0AD1AFA1A647}.Debug|x64.Build.0 = Debug|x64
		{54D86FF4-76F6-4076-8383-0AD1AFA1A647}.Debug|x86.ActiveCfg = Debug|Win32
		{54D86FF4-76F6-4076-8383-0AD1AFA1A647}.Debug|x86.Build.0 = Debug|Win32
		{54D86FF4-76F6-4076-8383-0AD1AFA1A647}.Release|x64.ActiveCfg = Release|x64
		{54D86FF4-76F6-4076-8383-0AD1AFA1A647}.Release|x64.Build.0 = Release|x64
		{54D86FF4-76F6-4076-8383-0AD1AFA1A647}.Release|x86.ActiveCfg = Release|Win32
		{54D86FF4-76F6-4076-8383-0AD1AFA1A647}.Release|x86.Build.0 = Release|Win32
		{A6659384-607E-4195-A01E-65B546A7675C}.Debug|x64.ActiveCfg = Debug|x64
		{A6659384-607E-4195-A01E-65B546A7675C}.Debug|x64.Build.0 = Debug|x64
		{A6659384-607E-4195-A01E-65B546A7675C}.Debug|x86.ActiveCfg = Debug|Win32
		{A6659384-607E-4195-A01E-65B546A7675C}.Debug|x86.Build.0 = Debug|Win32
		{A6659384-607E-4195-A01E-65B546A7675C}.Release|x64.ActiveCfg = Release|x64
		{A6659384-607E-4195-A01E-65B546A7675C}.Release|x64.Build.0 = Release|x64
		{A6659384-607E-4195-A01E-65B546A7675C}.Release|x86.ActiveCfg = Release|Win32
		{A6659384-607E-4195-A01E-65B546A7675C}.Release|x86.Build.0 = Release|Win32
		{F944F344-AF36-457F-9D9E-482D9061DB0E}.Debug|x64.ActiveCfg = Debug|x64
		{F944F344-AF36-457F-9D9E-482D9061DB0E}.Debug|x64.Build.0 = Debug|x64
		{F944F344-AF36-457F-9D9E-482D9061DB0E}.Debug|x86.ActiveCfg = Debug|Win32
		{F944F344-AF36-457F-9D9E-482D9061DB0E}.Debug|x86.Build.0 = Debug|Win32
		{F944F344-AF36-457F-9D9E-482D9061DB0E}.Release|x64.ActiveCfg = Release|x64
		{F944F344-AF36-457F-9D9E-482D9061DB0E}.Release|x64.Build.0 = Release|x64
		{F944F344-AF36-457F-9D9E-482D9061DB0E}.Release|x86.ActiveCfg = Release|Win32
		{F944F344-AF36-457F-9D9E-482D9061DB0E}.Release|x86.Build.0 = Release|Win32
		{59D90229-1856-4EA9-8265-3586B44F5576}.Debug|x64.ActiveCfg = Debug|x64
		{59D90229-1856-4EA9-8265-3586B44F5576}.Debug|x64.Build.0 = Debug|x64
		{59D90229-1856-4EA9-8265-3586B44F5576}.Debug|x86.ActiveCfg = Debug|Win32
		{59D90229-1856-4EA9-8265-3586B44F5576}.Debug|x86.Build.0 = Debug|Win32
		{59D90229-1856-4EA9-8265-3586B44F5576}.Release|x64.ActiveCfg = Release|x64
		{59D90229-1856-4EA9-8265-3586B44F5576}.Release|x64.Build.0 = Release|x64
		{59D90229-1856-4EA9-8265-3586B44F5576}.Release|x86.ActiveCfg = Release|Win32
		{59D90229-1856-4EA9-8265-3586B44F5576}.Release|x86.Build.0 = Release|Win32
		{056F5B85-11B4-4335-A41D-50928355D4EC}.Debug|x64.ActiveCfg = Debug|x64
		{056F5B85-11B4-4335-A41D-50928355D4EC}.Debug|x64.Build.0 = Debug|x64
		{056F5B85-11B4-4335-A41D-50928355D4EC}.Debug|x86.ActiveCfg = Debug|Win32
		{056F5B85-11B4-4335-A41D-50928355D4EC}.Debug|x86.Build.0 = Debug|Win32
		{056F5B85-11B4-4335-A41D-50928355D4EC}.Release|x64.ActiveCfg = Release|x64
		{056F5B85-11B4-4335-A41D-50928355D4EC}.Release|x64.Build.0 = Release|x64
		{056F5B85-11B4-4335-A41D-50928355D4EC}.Release|x86.ActiveCfg = Release|Win32
		{056F5B85-11B4-4335-A41D-50928355D4EC}.Release|x86.Build.0 = Release|Win32
	EndGlobalSection
	GlobalSection(SolutionProperties) = preSolution
		HideSolutionNode = FALSE
	EndGlobalSection
	GlobalSection(ExtensibilityGlobals) = postSolution
		SolutionGuid = {FFAA75F6-FE1B-4A82-8E80-8C86FBD0E7E7}
	EndGlobalSection
EndGlobal
